// !$*UTF8*$!
{
	archiveVersion = 1;
	classes = {
	};
	objectVersion = 46;
	objects = {

/* Begin PBXBuildFile section */
		6EEBE0B21EF848BE000D3E1F /* WidGame.swift in Sources */ = {isa = PBXBuildFile; fileRef = 6EEBE0B11EF848BE000D3E1F /* WidGame.swift */; };
		E234C5701EE39C15006B7C61 /* AppDelegate.swift in Sources */ = {isa = PBXBuildFile; fileRef = E234C56F1EE39C15006B7C61 /* AppDelegate.swift */; };
		E234C5721EE39C15006B7C61 /* ViewController.swift in Sources */ = {isa = PBXBuildFile; fileRef = E234C5711EE39C15006B7C61 /* ViewController.swift */; };
		E234C5751EE39C15006B7C61 /* Main.storyboard in Resources */ = {isa = PBXBuildFile; fileRef = E234C5731EE39C15006B7C61 /* Main.storyboard */; };
		E234C5771EE39C15006B7C61 /* Assets.xcassets in Resources */ = {isa = PBXBuildFile; fileRef = E234C5761EE39C15006B7C61 /* Assets.xcassets */; };
		E234C57A1EE39C15006B7C61 /* LaunchScreen.storyboard in Resources */ = {isa = PBXBuildFile; fileRef = E234C5781EE39C15006B7C61 /* LaunchScreen.storyboard */; };
		E234C5881EE39C2D006B7C61 /* NotificationCenter.framework in Frameworks */ = {isa = PBXBuildFile; fileRef = E234C5871EE39C2D006B7C61 /* NotificationCenter.framework */; };
		E234C58B1EE39C2D006B7C61 /* TodayViewController.swift in Sources */ = {isa = PBXBuildFile; fileRef = E234C58A1EE39C2D006B7C61 /* TodayViewController.swift */; };
		E234C58E1EE39C2D006B7C61 /* MainInterface.storyboard in Resources */ = {isa = PBXBuildFile; fileRef = E234C58C1EE39C2D006B7C61 /* MainInterface.storyboard */; };
		E234C5921EE39C2D006B7C61 /* MyExtension.appex in Embed App Extensions */ = {isa = PBXBuildFile; fileRef = E234C5851EE39C2D006B7C61 /* MyExtension.appex */; settings = {ATTRIBUTES = (RemoveHeadersOnCopy, ); }; };
/* End PBXBuildFile section */

/* Begin PBXContainerItemProxy section */
		E234C5901EE39C2D006B7C61 /* PBXContainerItemProxy */ = {
			isa = PBXContainerItemProxy;
			containerPortal = E234C5641EE39C15006B7C61 /* Project object */;
			proxyType = 1;
			remoteGlobalIDString = E234C5841EE39C2D006B7C61;
			remoteInfo = MyExtension;
		};
/* End PBXContainerItemProxy section */

/* Begin PBXCopyFilesBuildPhase section */
		E234C5961EE39C2D006B7C61 /* Embed App Extensions */ = {
			isa = PBXCopyFilesBuildPhase;
			buildActionMask = 2147483647;
			dstPath = "";
			dstSubfolderSpec = 13;
			files = (
				E234C5921EE39C2D006B7C61 /* MyExtension.appex in Embed App Extensions */,
			);
			name = "Embed App Extensions";
			runOnlyForDeploymentPostprocessing = 0;
		};
/* End PBXCopyFilesBuildPhase section */

/* Begin PBXFileReference section */
		6EEBE0B11EF848BE000D3E1F /* WidGame.swift */ = {isa = PBXFileReference; fileEncoding = 4; lastKnownFileType = sourcecode.swift; path = WidGame.swift; sourceTree = "<group>"; };
		E234C56C1EE39C15006B7C61 /* NewGame.app */ = {isa = PBXFileReference; explicitFileType = wrapper.application; includeInIndex = 0; path = NewGame.app; sourceTree = BUILT_PRODUCTS_DIR; };
		E234C56F1EE39C15006B7C61 /* AppDelegate.swift */ = {isa = PBXFileReference; lastKnownFileType = sourcecode.swift; path = AppDelegate.swift; sourceTree = "<group>"; };
		E234C5711EE39C15006B7C61 /* ViewController.swift */ = {isa = PBXFileReference; lastKnownFileType = sourcecode.swift; path = ViewController.swift; sourceTree = "<group>"; };
		E234C5741EE39C15006B7C61 /* Base */ = {isa = PBXFileReference; lastKnownFileType = file.storyboard; name = Base; path = Base.lproj/Main.storyboard; sourceTree = "<group>"; };
		E234C5761EE39C15006B7C61 /* Assets.xcassets */ = {isa = PBXFileReference; lastKnownFileType = folder.assetcatalog; path = Assets.xcassets; sourceTree = "<group>"; };
		E234C5791EE39C15006B7C61 /* Base */ = {isa = PBXFileReference; lastKnownFileType = file.storyboard; name = Base; path = Base.lproj/LaunchScreen.storyboard; sourceTree = "<group>"; };
		E234C57B1EE39C15006B7C61 /* Info.plist */ = {isa = PBXFileReference; lastKnownFileType = text.plist.xml; path = Info.plist; sourceTree = "<group>"; };
		E234C5851EE39C2D006B7C61 /* MyExtension.appex */ = {isa = PBXFileReference; explicitFileType = "wrapper.app-extension"; includeInIndex = 0; path = MyExtension.appex; sourceTree = BUILT_PRODUCTS_DIR; };
		E234C5871EE39C2D006B7C61 /* NotificationCenter.framework */ = {isa = PBXFileReference; lastKnownFileType = wrapper.framework; name = NotificationCenter.framework; path = System/Library/Frameworks/NotificationCenter.framework; sourceTree = SDKROOT; };
		E234C58A1EE39C2D006B7C61 /* TodayViewController.swift */ = {isa = PBXFileReference; lastKnownFileType = sourcecode.swift; path = TodayViewController.swift; sourceTree = "<group>"; };
		E234C58D1EE39C2D006B7C61 /* Base */ = {isa = PBXFileReference; lastKnownFileType = file.storyboard; name = Base; path = Base.lproj/MainInterface.storyboard; sourceTree = "<group>"; };
		E234C58F1EE39C2D006B7C61 /* Info.plist */ = {isa = PBXFileReference; lastKnownFileType = text.plist.xml; path = Info.plist; sourceTree = "<group>"; };
/* End PBXFileReference section */

/* Begin PBXFrameworksBuildPhase section */
		E234C5691EE39C15006B7C61 /* Frameworks */ = {
			isa = PBXFrameworksBuildPhase;
			buildActionMask = 2147483647;
			files = (
			);
			runOnlyForDeploymentPostprocessing = 0;
		};
		E234C5821EE39C2D006B7C61 /* Frameworks */ = {
			isa = PBXFrameworksBuildPhase;
			buildActionMask = 2147483647;
			files = (
				E234C5881EE39C2D006B7C61 /* NotificationCenter.framework in Frameworks */,
			);
			runOnlyForDeploymentPostprocessing = 0;
		};
/* End PBXFrameworksBuildPhase section */

/* Begin PBXGroup section */
		E234C5631EE39C15006B7C61 = {
			isa = PBXGroup;
			children = (
				E234C56E1EE39C15006B7C61 /* NewGame */,
				E234C5891EE39C2D006B7C61 /* MyExtension */,
				E234C5861EE39C2D006B7C61 /* Frameworks */,
				E234C56D1EE39C15006B7C61 /* Products */,
			);
			sourceTree = "<group>";
		};
		E234C56D1EE39C15006B7C61 /* Products */ = {
			isa = PBXGroup;
			children = (
				E234C56C1EE39C15006B7C61 /* NewGame.app */,
				E234C5851EE39C2D006B7C61 /* MyExtension.appex */,
			);
			name = Products;
			sourceTree = "<group>";
		};
		E234C56E1EE39C15006B7C61 /* NewGame */ = {
			isa = PBXGroup;
			children = (
				E234C56F1EE39C15006B7C61 /* AppDelegate.swift */,
				E234C5711EE39C15006B7C61 /* ViewController.swift */,
				E234C5731EE39C15006B7C61 /* Main.storyboard */,
				E234C5761EE39C15006B7C61 /* Assets.xcassets */,
				E234C5781EE39C15006B7C61 /* LaunchScreen.storyboard */,
				E234C57B1EE39C15006B7C61 /* Info.plist */,
			);
			path = NewGame;
			sourceTree = "<group>";
		};
		E234C5861EE39C2D006B7C61 /* Frameworks */ = {
			isa = PBXGroup;
			children = (
				E234C5871EE39C2D006B7C61 /* NotificationCenter.framework */,
			);
			name = Frameworks;
			sourceTree = "<group>";
		};
		E234C5891EE39C2D006B7C61 /* MyExtension */ = {
			isa = PBXGroup;
			children = (
				E234C58A1EE39C2D006B7C61 /* TodayViewController.swift */,
				E234C58C1EE39C2D006B7C61 /* MainInterface.storyboard */,
				E234C58F1EE39C2D006B7C61 /* Info.plist */,
				6EEBE0B11EF848BE000D3E1F /* WidGame.swift */,
			);
			path = MyExtension;
			sourceTree = "<group>";
		};
/* End PBXGroup section */

/* Begin PBXNativeTarget section */
		E234C56B1EE39C15006B7C61 /* NewGame */ = {
			isa = PBXNativeTarget;
			buildConfigurationList = E234C57E1EE39C15006B7C61 /* Build configuration list for PBXNativeTarget "NewGame" */;
			buildPhases = (
				E234C5681EE39C15006B7C61 /* Sources */,
				E234C5691EE39C15006B7C61 /* Frameworks */,
				E234C56A1EE39C15006B7C61 /* Resources */,
				E234C5961EE39C2D006B7C61 /* Embed App Extensions */,
			);
			buildRules = (
			);
			dependencies = (
				E234C5911EE39C2D006B7C61 /* PBXTargetDependency */,
			);
			name = NewGame;
			productName = NewGame;
			productReference = E234C56C1EE39C15006B7C61 /* NewGame.app */;
			productType = "com.apple.product-type.application";
		};
		E234C5841EE39C2D006B7C61 /* MyExtension */ = {
			isa = PBXNativeTarget;
			buildConfigurationList = E234C5931EE39C2D006B7C61 /* Build configuration list for PBXNativeTarget "MyExtension" */;
			buildPhases = (
				E234C5811EE39C2D006B7C61 /* Sources */,
				E234C5821EE39C2D006B7C61 /* Frameworks */,
				E234C5831EE39C2D006B7C61 /* Resources */,
			);
			buildRules = (
			);
			dependencies = (
			);
			name = MyExtension;
			productName = MyExtension;
			productReference = E234C5851EE39C2D006B7C61 /* MyExtension.appex */;
			productType = "com.apple.product-type.app-extension";
		};
/* End PBXNativeTarget section */

/* Begin PBXProject section */
		E234C5641EE39C15006B7C61 /* Project object */ = {
			isa = PBXProject;
			attributes = {
				LastSwiftUpdateCheck = 0830;
				LastUpgradeCheck = 0830;
				ORGANIZATIONNAME = BEPiD;
				TargetAttributes = {
					E234C56B1EE39C15006B7C61 = {
						CreatedOnToolsVersion = 8.3.2;
						DevelopmentTeam = A93689JNSR;
						ProvisioningStyle = Automatic;
					};
					E234C5841EE39C2D006B7C61 = {
						CreatedOnToolsVersion = 8.3.2;
						DevelopmentTeam = A93689JNSR;
						ProvisioningStyle = Automatic;
					};
				};
			};
			buildConfigurationList = E234C5671EE39C15006B7C61 /* Build configuration list for PBXProject "NewGame" */;
			compatibilityVersion = "Xcode 3.2";
			developmentRegion = English;
			hasScannedForEncodings = 0;
			knownRegions = (
				en,
				Base,
			);
			mainGroup = E234C5631EE39C15006B7C61;
			productRefGroup = E234C56D1EE39C15006B7C61 /* Products */;
			projectDirPath = "";
			projectRoot = "";
			targets = (
				E234C56B1EE39C15006B7C61 /* NewGame */,
				E234C5841EE39C2D006B7C61 /* MyExtension */,
			);
		};
/* End PBXProject section */

/* Begin PBXResourcesBuildPhase section */
		E234C56A1EE39C15006B7C61 /* Resources */ = {
			isa = PBXResourcesBuildPhase;
			buildActionMask = 2147483647;
			files = (
				E234C57A1EE39C15006B7C61 /* LaunchScreen.storyboard in Resources */,
				E234C5771EE39C15006B7C61 /* Assets.xcassets in Resources */,
				E234C5751EE39C15006B7C61 /* Main.storyboard in Resources */,
			);
			runOnlyForDeploymentPostprocessing = 0;
		};
		E234C5831EE39C2D006B7C61 /* Resources */ = {
			isa = PBXResourcesBuildPhase;
			buildActionMask = 2147483647;
			files = (
				E234C58E1EE39C2D006B7C61 /* MainInterface.storyboard in Resources */,
			);
			runOnlyForDeploymentPostprocessing = 0;
		};
/* End PBXResourcesBuildPhase section */

/* Begin PBXSourcesBuildPhase section */
		E234C5681EE39C15006B7C61 /* Sources */ = {
			isa = PBXSourcesBuildPhase;
			buildActionMask = 2147483647;
			files = (
				E234C5721EE39C15006B7C61 /* ViewController.swift in Sources */,
				E234C5701EE39C15006B7C61 /* AppDelegate.swift in Sources */,
			);
			runOnlyForDeploymentPostprocessing = 0;
		};
		E234C5811EE39C2D006B7C61 /* Sources */ = {
			isa = PBXSourcesBuildPhase;
			buildActionMask = 2147483647;
			files = (
				6EEBE0B21EF848BE000D3E1F /* WidGame.swift in Sources */,
				E234C58B1EE39C2D006B7C61 /* TodayViewController.swift in Sources */,
			);
			runOnlyForDeploymentPostprocessing = 0;
		};
/* End PBXSourcesBuildPhase section */

/* Begin PBXTargetDependency section */
		E234C5911EE39C2D006B7C61 /* PBXTargetDependency */ = {
			isa = PBXTargetDependency;
			target = E234C5841EE39C2D006B7C61 /* MyExtension */;
			targetProxy = E234C5901EE39C2D006B7C61 /* PBXContainerItemProxy */;
		};
/* End PBXTargetDependency section */

/* Begin PBXVariantGroup section */
		E234C5731EE39C15006B7C61 /* Main.storyboard */ = {
			isa = PBXVariantGroup;
			children = (
				E234C5741EE39C15006B7C61 /* Base */,
			);
			name = Main.storyboard;
			sourceTree = "<group>";
		};
		E234C5781EE39C15006B7C61 /* LaunchScreen.storyboard */ = {
			isa = PBXVariantGroup;
			children = (
				E234C5791EE39C15006B7C61 /* Base */,
			);
			name = LaunchScreen.storyboard;
			sourceTree = "<group>";
		};
		E234C58C1EE39C2D006B7C61 /* MainInterface.storyboard */ = {
			isa = PBXVariantGroup;
			children = (
				E234C58D1EE39C2D006B7C61 /* Base */,
			);
			name = MainInterface.storyboard;
			sourceTree = "<group>";
		};
/* End PBXVariantGroup section */

/* Begin XCBuildConfiguration section */
		E234C57C1EE39C15006B7C61 /* Debug */ = {
			isa = XCBuildConfiguration;
			buildSettings = {
				ALWAYS_SEARCH_USER_PATHS = NO;
				CLANG_ANALYZER_NONNULL = YES;
				CLANG_ANALYZER_NUMBER_OBJECT_CONVERSION = YES_AGGRESSIVE;
				CLANG_CXX_LANGUAGE_STANDARD = "gnu++0x";
				CLANG_CXX_LIBRARY = "libc++";
				CLANG_ENABLE_MODULES = YES;
				CLANG_ENABLE_OBJC_ARC = YES;
				CLANG_WARN_BOOL_CONVERSION = YES;
				CLANG_WARN_CONSTANT_CONVERSION = YES;
				CLANG_WARN_DIRECT_OBJC_ISA_USAGE = YES_ERROR;
				CLANG_WARN_DOCUMENTATION_COMMENTS = YES;
				CLANG_WARN_EMPTY_BODY = YES;
				CLANG_WARN_ENUM_CONVERSION = YES;
				CLANG_WARN_INFINITE_RECURSION = YES;
				CLANG_WARN_INT_CONVERSION = YES;
				CLANG_WARN_OBJC_ROOT_CLASS = YES_ERROR;
				CLANG_WARN_SUSPICIOUS_MOVE = YES;
				CLANG_WARN_UNREACHABLE_CODE = YES;
				CLANG_WARN__DUPLICATE_METHOD_MATCH = YES;
				"CODE_SIGN_IDENTITY[sdk=iphoneos*]" = "iPhone Developer";
				COPY_PHASE_STRIP = NO;
				DEBUG_INFORMATION_FORMAT = dwarf;
				ENABLE_STRICT_OBJC_MSGSEND = YES;
				ENABLE_TESTABILITY = YES;
				GCC_C_LANGUAGE_STANDARD = gnu99;
				GCC_DYNAMIC_NO_PIC = NO;
				GCC_NO_COMMON_BLOCKS = YES;
				GCC_OPTIMIZATION_LEVEL = 0;
				GCC_PREPROCESSOR_DEFINITIONS = (
					"DEBUG=1",
					"$(inherited)",
				);
				GCC_WARN_64_TO_32_BIT_CONVERSION = YES;
				GCC_WARN_ABOUT_RETURN_TYPE = YES_ERROR;
				GCC_WARN_UNDECLARED_SELECTOR = YES;
				GCC_WARN_UNINITIALIZED_AUTOS = YES_AGGRESSIVE;
				GCC_WARN_UNUSED_FUNCTION = YES;
				GCC_WARN_UNUSED_VARIABLE = YES;
				IPHONEOS_DEPLOYMENT_TARGET = 10.3;
				MTL_ENABLE_DEBUG_INFO = YES;
				ONLY_ACTIVE_ARCH = YES;
				SDKROOT = iphoneos;
				SWIFT_ACTIVE_COMPILATION_CONDITIONS = DEBUG;
				SWIFT_OPTIMIZATION_LEVEL = "-Onone";
				TARGETED_DEVICE_FAMILY = "1,2";
			};
			name = Debug;
		};
		E234C57D1EE39C15006B7C61 /* Release */ = {
			isa = XCBuildConfiguration;
			buildSettings = {
				ALWAYS_SEARCH_USER_PATHS = NO;
				CLANG_ANALYZER_NONNULL = YES;
				CLANG_ANALYZER_NUMBER_OBJECT_CONVERSION = YES_AGGRESSIVE;
				CLANG_CXX_LANGUAGE_STANDARD = "gnu++0x";
				CLANG_CXX_LIBRARY = "libc++";
				CLANG_ENABLE_MODULES = YES;
				CLANG_ENABLE_OBJC_ARC = YES;
				CLANG_WARN_BOOL_CONVERSION = YES;
				CLANG_WARN_CONSTANT_CONVERSION = YES;
				CLANG_WARN_DIRECT_OBJC_ISA_USAGE = YES_ERROR;
				CLANG_WARN_DOCUMENTATION_COMMENTS = YES;
				CLANG_WARN_EMPTY_BODY = YES;
				CLANG_WARN_ENUM_CONVERSION = YES;
				CLANG_WARN_INFINITE_RECURSION = YES;
				CLANG_WARN_INT_CONVERSION = YES;
				CLANG_WARN_OBJC_ROOT_CLASS = YES_ERROR;
				CLANG_WARN_SUSPICIOUS_MOVE = YES;
				CLANG_WARN_UNREACHABLE_CODE = YES;
				CLANG_WARN__DUPLICATE_METHOD_MATCH = YES;
				"CODE_SIGN_IDENTITY[sdk=iphoneos*]" = "iPhone Developer";
				COPY_PHASE_STRIP = NO;
				DEBUG_INFORMATION_FORMAT = "dwarf-with-dsym";
				ENABLE_NS_ASSERTIONS = NO;
				ENABLE_STRICT_OBJC_MSGSEND = YES;
				GCC_C_LANGUAGE_STANDARD = gnu99;
				GCC_NO_COMMON_BLOCKS = YES;
				GCC_WARN_64_TO_32_BIT_CONVERSION = YES;
				GCC_WARN_ABOUT_RETURN_TYPE = YES_ERROR;
				GCC_WARN_UNDECLARED_SELECTOR = YES;
				GCC_WARN_UNINITIALIZED_AUTOS = YES_AGGRESSIVE;
				GCC_WARN_UNUSED_FUNCTION = YES;
				GCC_WARN_UNUSED_VARIABLE = YES;
				IPHONEOS_DEPLOYMENT_TARGET = 10.3;
				MTL_ENABLE_DEBUG_INFO = NO;
				SDKROOT = iphoneos;
				SWIFT_OPTIMIZATION_LEVEL = "-Owholemodule";
				TARGETED_DEVICE_FAMILY = "1,2";
				VALIDATE_PRODUCT = YES;
			};
			name = Release;
		};
		E234C57F1EE39C15006B7C61 /* Debug */ = {
			isa = XCBuildConfiguration;
			buildSettings = {
				ALWAYS_EMBED_SWIFT_STANDARD_LIBRARIES = YES;
				ASSETCATALOG_COMPILER_APPICON_NAME = AppIcon;
				"CODE_SIGN_IDENTITY[sdk=iphoneos*]" = "iPhone Developer";
				DEVELOPMENT_TEAM = A93689JNSR;
				INFOPLIST_FILE = NewGame/Info.plist;
				LD_RUNPATH_SEARCH_PATHS = "$(inherited) @executable_path/Frameworks";
				PRODUCT_BUNDLE_IDENTIFIER = br.com.bepiducb.NewGame;
				PRODUCT_NAME = "$(TARGET_NAME)";
				PROVISIONING_PROFILE_SPECIFIER = "";
				SWIFT_VERSION = 3.0;
			};
			name = Debug;
		};
		E234C5801EE39C15006B7C61 /* Release */ = {
			isa = XCBuildConfiguration;
			buildSettings = {
				ALWAYS_EMBED_SWIFT_STANDARD_LIBRARIES = YES;
				ASSETCATALOG_COMPILER_APPICON_NAME = AppIcon;
				"CODE_SIGN_IDENTITY[sdk=iphoneos*]" = "iPhone Developer";
				DEVELOPMENT_TEAM = A93689JNSR;
				INFOPLIST_FILE = NewGame/Info.plist;
				LD_RUNPATH_SEARCH_PATHS = "$(inherited) @executable_path/Frameworks";
				PRODUCT_BUNDLE_IDENTIFIER = br.com.bepiducb.NewGame;
				PRODUCT_NAME = "$(TARGET_NAME)";
				PROVISIONING_PROFILE_SPECIFIER = "";
				SWIFT_VERSION = 3.0;
			};
			name = Release;
		};
		E234C5941EE39C2D006B7C61 /* Debug */ = {
			isa = XCBuildConfiguration;
			buildSettings = {
				DEVELOPMENT_TEAM = A93689JNSR;
				INFOPLIST_FILE = MyExtension/Info.plist;
				LD_RUNPATH_SEARCH_PATHS = "$(inherited) @executable_path/Frameworks @executable_path/../../Frameworks";
				PRODUCT_BUNDLE_IDENTIFIER = br.com.bepiducb.NewGame.MyExtension;
				PRODUCT_NAME = "$(TARGET_NAME)";
				SKIP_INSTALL = YES;
				SWIFT_VERSION = 3.0;
			};
			name = Debug;
		};
		E234C5951EE39C2D006B7C61 /* Release */ = {
			isa = XCBuildConfiguration;
			buildSettings = {
				DEVELOPMENT_TEAM = A93689JNSR;
				INFOPLIST_FILE = MyExtension/Info.plist;
				LD_RUNPATH_SEARCH_PATHS = "$(inherited) @executable_path/Frameworks @executable_path/../../Frameworks";
				PRODUCT_BUNDLE_IDENTIFIER = br.com.bepiducb.NewGame.MyExtension;
				PRODUCT_NAME = "$(TARGET_NAME)";
				SKIP_INSTALL = YES;
				SWIFT_VERSION = 3.0;
			};
			name = Release;
		};
/* End XCBuildConfiguration section */

/* Begin XCConfigurationList section */
		E234C5671EE39C15006B7C61 /* Build configuration list for PBXProject "NewGame" */ = {
			isa = XCConfigurationList;
			buildConfigurations = (
				E234C57C1EE39C15006B7C61 /* Debug */,
				E234C57D1EE39C15006B7C61 /* Release */,
			);
			defaultConfigurationIsVisible = 0;
			defaultConfigurationName = Release;
		};
		E234C57E1EE39C15006B7C61 /* Build configuration list for PBXNativeTarget "NewGame" */ = {
			isa = XCConfigurationList;
			buildConfigurations = (
				E234C57F1EE39C15006B7C61 /* Debug */,
				E234C5801EE39C15006B7C61 /* Release */,
			);
			defaultConfigurationIsVisible = 0;
			defaultConfigurationName = Release;
		};
		E234C5931EE39C2D006B7C61 /* Build configuration list for PBXNativeTarget "MyExtension" */ = {
			isa = XCConfigurationList;
			buildConfigurations = (
				E234C5941EE39C2D006B7C61 /* Debug */,
				E234C5951EE39C2D006B7C61 /* Release */,
			);
			defaultConfigurationIsVisible = 0;
			defaultConfigurationName = Release;
		};
/* End XCConfigurationList section */
	};
	rootObject = E234C5641EE39C15006B7C61 /* Project object */;
}
